
Microsoft Visual Studio Solution File, Format Version 12.00
# Visual Studio Version 17
VisualStudioVersion = 17.14.36408.4
MinimumVisualStudioVersion = 10.0.40219.1
Project("{FAE04EC0-301F-11D3-BF4B-00C04F79EFBC}") = "MarkingMachineFeeder", "MarkingMachineFeeder\MarkingMachineFeeder.csproj", "{1D00DD0A-E7EB-4234-84E5-357B7CA7CFA0}"
EndProject
Project("{FAE04EC0-301F-11D3-BF4B-00C04F79EFBC}") = "Ewan.Core", "Ewan.Core\Ewan.Core.csproj", "{74A46493-03C1-44B6-BA22-CFF0F8EC9FBE}"
EndProject
Project("{FAE04EC0-301F-11D3-BF4B-00C04F79EFBC}") = "Ewan.Model", "Ewan.Model\Ewan.Model.csproj", "{E9B968B2-7577-4524-A023-9E18D7314296}"
EndProject
Project("{FAE04EC0-301F-11D3-BF4B-00C04F79EFBC}") = "Ewan.BusinessBonding", "Ewan.BusinessBonding\Ewan.BusinessBonding.csproj", "{64012C72-F6C4-412B-A9F2-9473C7890FB4}"
EndProject
Project("{FAE04EC0-301F-11D3-BF4B-00C04F79EFBC}") = "Ewan.LogManager", "Ewan.LogManager\Ewan.LogManager.csproj", "{88888888-8888-8888-8888-888888888888}"
EndProject
Project("{2150E333-8FDC-42A3-9474-1A3956D46DE8}") = "Hardware", "Hardware", "{F1234567-89AB-CDEF-0123-456789ABCDEF}"
EndProject
Project("{FAE04EC0-301F-11D3-BF4B-00C04F79EFBC}") = "Ewan.Controls", "Ewan.Controls\Ewan.Controls.csproj", "{19ADFA5D-8754-4C88-AC93-80629734BC7B}"
EndProject
Project("{FAE04EC0-301F-11D3-BF4B-00C04F79EFBC}") = "EwanIO", "Hardware\EwanIO\EwanIO.csproj", "{C944C2C2-4D53-CC1B-6367-2727D54208D6}"
EndProject
Project("{FAE04EC0-301F-11D3-BF4B-00C04F79EFBC}") = "EwanSMC606", "Hardware\EwanSMC606\EwanSMC606.csproj", "{EF606478-0F97-242A-D62F-DAA16594AB29}"
EndProject
Project("{FAE04EC0-301F-11D3-BF4B-00C04F79EFBC}") = "EwanAxis", "Hardware\EwanAxis\EwanAxis.csproj", "{B29B819F-73E1-F923-FBA3-E66B30026530}"
EndProject
Project("{FAE04EC0-301F-11D3-BF4B-00C04F79EFBC}") = "PlcCommunication", "Hardware\PlcCommunication\PlcCommunication.csproj", "{B35AFA51-8468-F513-6CE7-D6A081B5B2EB}"
EndProject
Project("{FAE04EC0-301F-11D3-BF4B-00C04F79EFBC}") = "EwanAxis.Tests", "Hardware\EwanAxis.Tests\EwanAxis.Tests.csproj", "{048D191F-D3C0-4219-98CE-DB012C52C40C}"
EndProject
Project("{FAE04EC0-301F-11D3-BF4B-00C04F79EFBC}") = "EwanIO.Tests", "Hardware\EwanIO.Tests\EwanIO.Tests.csproj", "{BF39167D-3A9D-41A8-8227-CFF568509036}"
EndProject
Project("{FAE04EC0-301F-11D3-BF4B-00C04F79EFBC}") = "EwanSMC606.Tests", "Hardware\EwanSMC606.Tests\EwanSMC606.Tests.csproj", "{CCE9C97B-6CF1-4B88-91A3-79DB30681F78}"
EndProject
Project("{FAE04EC0-301F-11D3-BF4B-00C04F79EFBC}") = "Ewan.Mes", "Ewan.Mes\Ewan.Mes.csproj", "{EA08185A-1940-492E-BEB4-0CD6AC2240D8}"
EndProject
Global
	GlobalSection(SolutionConfigurationPlatforms) = preSolution
		Debug|ARM64 = Debug|ARM64
		Debug|x64 = Debug|x64
		Release|ARM64 = Release|ARM64
		Release|x64 = Release|x64
	EndGlobalSection
	GlobalSection(ProjectConfigurationPlatforms) = postSolution
		{1D00DD0A-E7EB-4234-84E5-357B7CA7CFA0}.Debug|ARM64.ActiveCfg = Debug|Any CPU
		{1D00DD0A-E7EB-4234-84E5-357B7CA7CFA0}.Debug|ARM64.Build.0 = Debug|Any CPU
		{1D00DD0A-E7EB-4234-84E5-357B7CA7CFA0}.Debug|x64.ActiveCfg = Debug|x64
		{1D00DD0A-E7EB-4234-84E5-357B7CA7CFA0}.Debug|x64.Build.0 = Debug|x64
		{1D00DD0A-E7EB-4234-84E5-357B7CA7CFA0}.Release|ARM64.ActiveCfg = Release|Any CPU
		{1D00DD0A-E7EB-4234-84E5-357B7CA7CFA0}.Release|ARM64.Build.0 = Release|Any CPU
		{1D00DD0A-E7EB-4234-84E5-357B7CA7CFA0}.Release|x64.ActiveCfg = Release|x64
		{1D00DD0A-E7EB-4234-84E5-357B7CA7CFA0}.Release|x64.Build.0 = Release|x64
		{74A46493-03C1-44B6-BA22-CFF0F8EC9FBE}.Debug|ARM64.ActiveCfg = Debug|Any CPU
		{74A46493-03C1-44B6-BA22-CFF0F8EC9FBE}.Debug|ARM64.Build.0 = Debug|Any CPU
		{74A46493-03C1-44B6-BA22-CFF0F8EC9FBE}.Debug|x64.ActiveCfg = Debug|x64
		{74A46493-03C1-44B6-BA22-CFF0F8EC9FBE}.Debug|x64.Build.0 = Debug|x64
		{74A46493-03C1-44B6-BA22-CFF0F8EC9FBE}.Release|ARM64.ActiveCfg = Release|Any CPU
		{74A46493-03C1-44B6-BA22-CFF0F8EC9FBE}.Release|ARM64.Build.0 = Release|Any CPU
		{74A46493-03C1-44B6-BA22-CFF0F8EC9FBE}.Release|x64.ActiveCfg = Release|x64
		{74A46493-03C1-44B6-BA22-CFF0F8EC9FBE}.Release|x64.Build.0 = Release|x64
		{E9B968B2-7577-4524-A023-9E18D7314296}.Debug|ARM64.ActiveCfg = Debug|Any CPU
		{E9B968B2-7577-4524-A023-9E18D7314296}.Debug|ARM64.Build.0 = Debug|Any CPU
		{E9B968B2-7577-4524-A023-9E18D7314296}.Debug|x64.ActiveCfg = Debug|x64
		{E9B968B2-7577-4524-A023-9E18D7314296}.Debug|x64.Build.0 = Debug|x64
		{E9B968B2-7577-4524-A023-9E18D7314296}.Release|ARM64.ActiveCfg = Release|Any CPU
		{E9B968B2-7577-4524-A023-9E18D7314296}.Release|ARM64.Build.0 = Release|Any CPU
		{E9B968B2-7577-4524-A023-9E18D7314296}.Release|x64.ActiveCfg = Release|x64
		{E9B968B2-7577-4524-A023-9E18D7314296}.Release|x64.Build.0 = Release|x64
		{64012C72-F6C4-412B-A9F2-9473C7890FB4}.Debug|ARM64.ActiveCfg = Debug|Any CPU
		{64012C72-F6C4-412B-A9F2-9473C7890FB4}.Debug|ARM64.Build.0 = Debug|Any CPU
		{64012C72-F6C4-412B-A9F2-9473C7890FB4}.Debug|x64.ActiveCfg = Debug|x64
		{64012C72-F6C4-412B-A9F2-9473C7890FB4}.Debug|x64.Build.0 = Debug|x64
		{64012C72-F6C4-412B-A9F2-9473C7890FB4}.Release|ARM64.ActiveCfg = Release|Any CPU
		{64012C72-F6C4-412B-A9F2-9473C7890FB4}.Release|ARM64.Build.0 = Release|Any CPU
		{64012C72-F6C4-412B-A9F2-9473C7890FB4}.Release|x64.ActiveCfg = Release|x64
		{64012C72-F6C4-412B-A9F2-9473C7890FB4}.Release|x64.Build.0 = Release|x64
		{88888888-8888-8888-8888-888888888888}.Debug|ARM64.ActiveCfg = Debug|Any CPU
		{88888888-8888-8888-8888-888888888888}.Debug|ARM64.Build.0 = Debug|Any CPU
		{88888888-8888-8888-8888-888888888888}.Debug|x64.ActiveCfg = Debug|x64
		{88888888-8888-8888-8888-888888888888}.Debug|x64.Build.0 = Debug|x64
		{88888888-8888-8888-8888-888888888888}.Release|ARM64.ActiveCfg = Release|Any CPU
		{88888888-8888-8888-8888-888888888888}.Release|ARM64.Build.0 = Release|Any CPU
		{88888888-8888-8888-8888-888888888888}.Release|x64.ActiveCfg = Release|x64
		{88888888-8888-8888-8888-888888888888}.Release|x64.Build.0 = Release|x64
		{19ADFA5D-8754-4C88-AC93-80629734BC7B}.Debug|ARM64.ActiveCfg = Debug|Any CPU
		{19ADFA5D-8754-4C88-AC93-80629734BC7B}.Debug|ARM64.Build.0 = Debug|Any CPU
		{19ADFA5D-8754-4C88-AC93-80629734BC7B}.Debug|x64.ActiveCfg = Debug|Any CPU
		{19ADFA5D-8754-4C88-AC93-80629734BC7B}.Debug|x64.Build.0 = Debug|Any CPU
		{19ADFA5D-8754-4C88-AC93-80629734BC7B}.Release|ARM64.ActiveCfg = Release|Any CPU
		{19ADFA5D-8754-4C88-AC93-80629734BC7B}.Release|ARM64.Build.0 = Release|Any CPU
		{19ADFA5D-8754-4C88-AC93-80629734BC7B}.Release|x64.ActiveCfg = Release|Any CPU
		{19ADFA5D-8754-4C88-AC93-80629734BC7B}.Release|x64.Build.0 = Release|Any CPU
		{C944C2C2-4D53-CC1B-6367-2727D54208D6}.Debug|ARM64.ActiveCfg = Debug|x64
		{C944C2C2-4D53-CC1B-6367-2727D54208D6}.Debug|ARM64.Build.0 = Debug|x64
		{C944C2C2-4D53-CC1B-6367-2727D54208D6}.Debug|x64.ActiveCfg = Debug|x64
		{C944C2C2-4D53-CC1B-6367-2727D54208D6}.Debug|x64.Build.0 = Debug|x64
		{C944C2C2-4D53-CC1B-6367-2727D54208D6}.Release|ARM64.ActiveCfg = Release|x64
		{C944C2C2-4D53-CC1B-6367-2727D54208D6}.Release|ARM64.Build.0 = Release|x64
		{C944C2C2-4D53-CC1B-6367-2727D54208D6}.Release|x64.ActiveCfg = Release|x64
		{C944C2C2-4D53-CC1B-6367-2727D54208D6}.Release|x64.Build.0 = Release|x64
		{EF606478-0F97-242A-D62F-DAA16594AB29}.Debug|ARM64.ActiveCfg = Debug|Any CPU
		{EF606478-0F97-242A-D62F-DAA16594AB29}.Debug|ARM64.Build.0 = Debug|Any CPU
		{EF606478-0F97-242A-D62F-DAA16594AB29}.Debug|x64.ActiveCfg = Debug|x64
		{EF606478-0F97-242A-D62F-DAA16594AB29}.Debug|x64.Build.0 = Debug|x64
		{EF606478-0F97-242A-D62F-DAA16594AB29}.Release|ARM64.ActiveCfg = Release|Any CPU
		{EF606478-0F97-242A-D62F-DAA16594AB29}.Release|ARM64.Build.0 = Release|Any CPU
		{EF606478-0F97-242A-D62F-DAA16594AB29}.Release|x64.ActiveCfg = Release|x64
		{EF606478-0F97-242A-D62F-DAA16594AB29}.Release|x64.Build.0 = Release|x64
		{B29B819F-73E1-F923-FBA3-E66B30026530}.Debug|ARM64.ActiveCfg = Debug|Any CPU
		{B29B819F-73E1-F923-FBA3-E66B30026530}.Debug|ARM64.Build.0 = Debug|Any CPU
		{B29B819F-73E1-F923-FBA3-E66B30026530}.Debug|x64.ActiveCfg = Debug|x64
		{B29B819F-73E1-F923-FBA3-E66B30026530}.Debug|x64.Build.0 = Debug|x64
		{B29B819F-73E1-F923-FBA3-E66B30026530}.Release|ARM64.ActiveCfg = Release|Any CPU
		{B29B819F-73E1-F923-FBA3-E66B30026530}.Release|ARM64.Build.0 = Release|Any CPU
		{B29B819F-73E1-F923-FBA3-E66B30026530}.Release|x64.ActiveCfg = Release|x64
		{B29B819F-73E1-F923-FBA3-E66B30026530}.Release|x64.Build.0 = Release|x64
		{B35AFA51-8468-F513-6CE7-D6A081B5B2EB}.Debug|ARM64.ActiveCfg = Debug|Any CPU
		{B35AFA51-8468-F513-6CE7-D6A081B5B2EB}.Debug|ARM64.Build.0 = Debug|Any CPU
		{B35AFA51-8468-F513-6CE7-D6A081B5B2EB}.Debug|x64.ActiveCfg = Debug|x64
		{B35AFA51-8468-F513-6CE7-D6A081B5B2EB}.Debug|x64.Build.0 = Debug|x64
		{B35AFA51-8468-F513-6CE7-D6A081B5B2EB}.Release|ARM64.ActiveCfg = Release|Any CPU
		{B35AFA51-8468-F513-6CE7-D6A081B5B2EB}.Release|ARM64.Build.0 = Release|Any CPU
		{B35AFA51-8468-F513-6CE7-D6A081B5B2EB}.Release|x64.ActiveCfg = Release|x64
		{B35AFA51-8468-F513-6CE7-D6A081B5B2EB}.Release|x64.Build.0 = Release|x64
		{048D191F-D3C0-4219-98CE-DB012C52C40C}.Debug|ARM64.ActiveCfg = Debug|x64
		{048D191F-D3C0-4219-98CE-DB012C52C40C}.Debug|ARM64.Build.0 = Debug|x64
		{048D191F-D3C0-4219-98CE-DB012C52C40C}.Debug|x64.ActiveCfg = Debug|x64
		{048D191F-D3C0-4219-98CE-DB012C52C40C}.Debug|x64.Build.0 = Debug|x64
		{048D191F-D3C0-4219-98CE-DB012C52C40C}.Release|ARM64.ActiveCfg = Release|x64
		{048D191F-D3C0-4219-98CE-DB012C52C40C}.Release|ARM64.Build.0 = Release|x64
		{048D191F-D3C0-4219-98CE-DB012C52C40C}.Release|x64.ActiveCfg = Release|x64
		{048D191F-D3C0-4219-98CE-DB012C52C40C}.Release|x64.Build.0 = Release|x64
		{BF39167D-3A9D-41A8-8227-CFF568509036}.Debug|ARM64.ActiveCfg = Debug|x64
		{BF39167D-3A9D-41A8-8227-CFF568509036}.Debug|ARM64.Build.0 = Debug|x64
		{BF39167D-3A9D-41A8-8227-CFF568509036}.Debug|x64.ActiveCfg = Debug|x64
		{BF39167D-3A9D-41A8-8227-CFF568509036}.Debug|x64.Build.0 = Debug|x64
		{BF39167D-3A9D-41A8-8227-CFF568509036}.Release|ARM64.ActiveCfg = Release|x64
		{BF39167D-3A9D-41A8-8227-CFF568509036}.Release|ARM64.Build.0 = Release|x64
		{BF39167D-3A9D-41A8-8227-CFF568509036}.Release|x64.ActiveCfg = Release|x64
		{BF39167D-3A9D-41A8-8227-CFF568509036}.Release|x64.Build.0 = Release|x64
		{CCE9C97B-6CF1-4B88-91A3-79DB30681F78}.Debug|ARM64.ActiveCfg = Debug|x64
		{CCE9C97B-6CF1-4B88-91A3-79DB30681F78}.Debug|ARM64.Build.0 = Debug|x64
		{CCE9C97B-6CF1-4B88-91A3-79DB30681F78}.Debug|x64.ActiveCfg = Debug|x64
		{CCE9C97B-6CF1-4B88-91A3-79DB30681F78}.Debug|x64.Build.0 = Debug|x64
		{CCE9C97B-6CF1-4B88-91A3-79DB30681F78}.Release|ARM64.ActiveCfg = Release|x64
		{CCE9C97B-6CF1-4B88-91A3-79DB30681F78}.Release|ARM64.Build.0 = Release|x64
		{CCE9C97B-6CF1-4B88-91A3-79DB30681F78}.Release|x64.ActiveCfg = Release|x64
		{CCE9C97B-6CF1-4B88-91A3-79DB30681F78}.Release|x64.Build.0 = Release|x64
		{EA08185A-1940-492E-BEB4-0CD6AC2240D8}.Debug|ARM64.ActiveCfg = Debug|Any CPU
		{EA08185A-1940-492E-BEB4-0CD6AC2240D8}.Debug|ARM64.Build.0 = Debug|Any CPU
		{EA08185A-1940-492E-BEB4-0CD6AC2240D8}.Debug|x64.ActiveCfg = Debug|Any CPU
		{EA08185A-1940-492E-BEB4-0CD6AC2240D8}.Debug|x64.Build.0 = Debug|Any CPU
		{EA08185A-1940-492E-BEB4-0CD6AC2240D8}.Release|ARM64.ActiveCfg = Release|Any CPU
		{EA08185A-1940-492E-BEB4-0CD6AC2240D8}.Release|ARM64.Build.0 = Release|Any CPU
		{EA08185A-1940-492E-BEB4-0CD6AC2240D8}.Release|x64.ActiveCfg = Release|Any CPU
		{EA08185A-1940-492E-BEB4-0CD6AC2240D8}.Release|x64.Build.0 = Release|Any CPU
	EndGlobalSection
	GlobalSection(SolutionProperties) = preSolution
		HideSolutionNode = FALSE
	EndGlobalSection
	GlobalSection(NestedProjects) = preSolution
		{C944C2C2-4D53-CC1B-6367-2727D54208D6} = {F1234567-89AB-CDEF-0123-456789ABCDEF}
		{EF606478-0F97-242A-D62F-DAA16594AB29} = {F1234567-89AB-CDEF-0123-456789ABCDEF}
		{B29B819F-73E1-F923-FBA3-E66B30026530} = {F1234567-89AB-CDEF-0123-456789ABCDEF}
		{B35AFA51-8468-F513-6CE7-D6A081B5B2EB} = {F1234567-89AB-CDEF-0123-456789ABCDEF}
		{048D191F-D3C0-4219-98CE-DB012C52C40C} = {F1234567-89AB-CDEF-0123-456789ABCDEF}
		{BF39167D-3A9D-41A8-8227-CFF568509036} = {F1234567-89AB-CDEF-0123-456789ABCDEF}
		{CCE9C97B-6CF1-4B88-91A3-79DB30681F78} = {F1234567-89AB-CDEF-0123-456789ABCDEF}
	EndGlobalSection
	GlobalSection(ExtensibilityGlobals) = postSolution
		SolutionGuid = {553EBC36-164A-47B0-BD6E-1D9609C6CC72}
	EndGlobalSection
EndGlobal
